{
  "name": "fjord-protocol",
  "version": "1.0.0",
  "lockfileVersion": 1,
  "requires": true,
  "dependencies": {
    "@types/get-port": {
      "version": "3.2.0",
      "resolved": "https://registry.npmjs.org/@types/get-port/-/get-port-3.2.0.tgz",
      "integrity": "sha512-TiNg8R1kjDde5Pub9F9vCwZA/BNW9HeXP5b9j7Qucqncy/McfPZ6xze/EyBdXS5FhMIGN6Fx3vg75l5KHy3V1Q==",
      "dev": true
    },
    "get-port": {
      "version": "4.0.0",
      "resolved": "https://registry.npmjs.org/get-port/-/get-port-4.0.0.tgz",
      "integrity": "sha512-Yy3yNI2oShgbaWg4cmPhWjkZfktEvpKI09aDX4PZzNtlU9obuYrX7x2mumQsrNxlF+Ls7OtMQW/u+X4s896bOQ==",
      "dev": true
    },
    "hexy": {
      "version": "0.2.11",
      "resolved": "https://registry.npmjs.org/hexy/-/hexy-0.2.11.tgz",
      "integrity": "sha512-ciq6hFsSG/Bpt2DmrZJtv+56zpPdnq+NQ4ijEFrveKN0ZG1mhl/LdT1NQZ9se6ty1fACcI4d4vYqC9v8EYpH2A=="
    }
  }
}
