{
  "name": "@spillway/storage",
  "version": "1.0.0",
  "lockfileVersion": 1,
  "requires": true,
  "dependencies": {
    "@types/hasha": {
      "version": "3.0.0",
      "resolved": "https://registry.npmjs.org/@types/hasha/-/hasha-3.0.0.tgz",
      "integrity": "sha512-MRLyPajsu7/w0XRe5KnH/UcmFzjpMTQyjZwKWq8E0lrCXl4qX1Fq4sz8Bx3pRavaDMW4lZV3xnGB+2AXfjQ/ZA==",
      "dev": true,
      "requires": {
        "@types/node": "*"
      }
    },
    "@types/node": {
      "version": "10.10.3",
      "resolved": "https://registry.npmjs.org/@types/node/-/node-10.10.3.tgz",
      "integrity": "sha512-dWk7F3b0m6uDLHero7tsnpAi9r2RGPQHGbb0/VCv7DPJRMFtk3RonY1/29vfJKnheRMBa7+uF+vunlg/mBGlxg==",
      "dev": true
    }
  }
}
