{
  "name": "@spillway/storage",
  "version": "1.0.0",
  "lockfileVersion": 1,
  "requires": true,
  "dependencies": {
    "@ronomon/crypto-async": {
      "version": "3.0.0",
      "resolved": "https://registry.npmjs.org/@ronomon/crypto-async/-/crypto-async-3.0.0.tgz",
      "integrity": "sha512-Gkyqv+yjfGXguVxU4UdxZjNzh4xp3REecDmErwphcuj4FCJ643Cb5NLpLpMunYKs3iiu5bEp18aCeqXfAAQKrQ==",
      "requires": {
        "@ronomon/queue": "^3.0.0",
        "nan": "^2.11.0"
      }
    },
    "@ronomon/queue": {
      "version": "3.0.0",
      "resolved": "https://registry.npmjs.org/@ronomon/queue/-/queue-3.0.0.tgz",
      "integrity": "sha512-+Dnc8cNXa0mI1cD+YdA3mmQP8j1CjQKXfILiXgZGWAtauMIUxuhRgnOLgabKjEj+Wa8r2rQKsaNaDayxauImGQ=="
    },
    "@types/hasha": {
      "version": "3.0.0",
      "resolved": "https://registry.npmjs.org/@types/hasha/-/hasha-3.0.0.tgz",
      "integrity": "sha512-MRLyPajsu7/w0XRe5KnH/UcmFzjpMTQyjZwKWq8E0lrCXl4qX1Fq4sz8Bx3pRavaDMW4lZV3xnGB+2AXfjQ/ZA==",
      "dev": true,
      "requires": {
        "@types/node": "*"
      }
    },
    "@types/node": {
      "version": "10.10.3",
      "resolved": "https://registry.npmjs.org/@types/node/-/node-10.10.3.tgz",
      "integrity": "sha512-dWk7F3b0m6uDLHero7tsnpAi9r2RGPQHGbb0/VCv7DPJRMFtk3RonY1/29vfJKnheRMBa7+uF+vunlg/mBGlxg==",
      "dev": true
    },
    "nan": {
      "version": "2.11.1",
      "resolved": "https://registry.npmjs.org/nan/-/nan-2.11.1.tgz",
      "integrity": "sha512-iji6k87OSXa0CcrLl9z+ZiYSuR2o+c0bGuNmXdrhTQTakxytAFsC56SArGYoiHlJlFoHSnvmhpceZJaXkVuOtA=="
    }
  }
}
